
Microsoft Visual Studio Solution File, Format Version 12.00
# Visual Studio Version 17
VisualStudioVersion = 17.11.35219.272
MinimumVisualStudioVersion = 10.0.40219.1
Project("{FAE04EC0-301F-11D3-BF4B-00C04F79EFBC}") = "Homework_SysPr_3", "Homework_SysPr_3\Homework_SysPr_3.csproj", "{AA729DCA-A963-44DB-B738-258C3B313FA9}"
EndProject
Global
	GlobalSection(SolutionConfigurationPlatforms) = preSolution
		Debug|Any CPU = Debug|Any CPU
		Release|Any CPU = Release|Any CPU
	EndGlobalSection
	GlobalSection(ProjectConfigurationPlatforms) = postSolution
		{AA729DCA-A963-44DB-B738-258C3B313FA9}.Debug|Any CPU.ActiveCfg = Debug|Any CPU
		{AA729DCA-A963-44DB-B738-258C3B313FA9}.Debug|Any CPU.Build.0 = Debug|Any CPU
		{AA729DCA-A963-44DB-B738-258C3B313FA9}.Release|Any CPU.ActiveCfg = Release|Any CPU
		{AA729DCA-A963-44DB-B738-258C3B313FA9}.Release|Any CPU.Build.0 = Release|Any CPU
	EndGlobalSection
	GlobalSection(SolutionProperties) = preSolution
		HideSolutionNode = FALSE
	EndGlobalSection
	GlobalSection(ExtensibilityGlobals) = postSolution
		SolutionGuid = {BCC680EF-1E1F-4243-A8C4-C041B6250AC8}
	EndGlobalSection
EndGlobal
